
Microsoft Visual Studio Solution File, Format Version 12.00
# Visual Studio Version 16
VisualStudioVersion = 16.0.30907.101
MinimumVisualStudioVersion = 10.0.40219.1
Project("{FAE04EC0-301F-11D3-BF4B-00C04F79EFBC}") = "MVC", "MVC\MVC.csproj", "{F953C58F-0A5A-467F-AC37-049664679568}"
EndProject
Global
	GlobalSection(SolutionConfigurationPlatforms) = preSolution
		Debug|Any CPU = Debug|Any CPU
		Release|Any CPU = Release|Any CPU
	EndGlobalSection
	GlobalSection(ProjectConfigurationPlatforms) = postSolution
		{F953C58F-0A5A-467F-AC37-049664679568}.Debug|Any CPU.ActiveCfg = Debug|Any CPU
		{F953C58F-0A5A-467F-AC37-049664679568}.Debug|Any CPU.Build.0 = Debug|Any CPU
		{F953C58F-0A5A-467F-AC37-049664679568}.Release|Any CPU.ActiveCfg = Release|Any CPU
		{F953C58F-0A5A-467F-AC37-049664679568}.Release|Any CPU.Build.0 = Release|Any CPU
	EndGlobalSection
	GlobalSection(SolutionProperties) = preSolution
		HideSolutionNode = FALSE
	EndGlobalSection
	GlobalSection(ExtensibilityGlobals) = postSolution
		SolutionGuid = {AF24E68E-59FE-4344-8CF0-804E5ACCEFA9}
	EndGlobalSection
EndGlobal
